
Microsoft Visual Studio Solution File, Format Version 12.00
# Visual Studio Version 17
VisualStudioVersion = 17.3.32811.315
MinimumVisualStudioVersion = 10.0.40219.1
Project("{FAE04EC0-301F-11D3-BF4B-00C04F79EFBC}") = "FristProgram", "FristProgram\FristProgram.csproj", "{3B0E324A-679C-496E-9B59-B2BCA31DB0A4}"
EndProject
Global
	GlobalSection(SolutionConfigurationPlatforms) = preSolution
		Debug|Any CPU = Debug|Any CPU
		Release|Any CPU = Release|Any CPU
	EndGlobalSection
	GlobalSection(ProjectConfigurationPlatforms) = postSolution
		{3B0E324A-679C-496E-9B59-B2BCA31DB0A4}.Debug|Any CPU.ActiveCfg = Debug|Any CPU
		{3B0E324A-679C-496E-9B59-B2BCA31DB0A4}.Debug|Any CPU.Build.0 = Debug|Any CPU
		{3B0E324A-679C-496E-9B59-B2BCA31DB0A4}.Release|Any CPU.ActiveCfg = Release|Any CPU
		{3B0E324A-679C-496E-9B59-B2BCA31DB0A4}.Release|Any CPU.Build.0 = Release|Any CPU
	EndGlobalSection
	GlobalSection(SolutionProperties) = preSolution
		HideSolutionNode = FALSE
	EndGlobalSection
	GlobalSection(ExtensibilityGlobals) = postSolution
		SolutionGuid = {CE927299-E6EF-41B6-AF4A-F25BE9D4C4E0}
	EndGlobalSection
EndGlobal
